// !$*UTF8*$!
{
	archiveVersion = 1;
	classes = {
	};
	objectVersion = 46;
	objects = {

/* Begin PBXBuildFile section */
		9C6A912B1DF7234700AB2516 /* AppDelegate.swift in Sources */ = {isa = PBXBuildFile; fileRef = 9C6A912A1DF7234700AB2516 /* AppDelegate.swift */; };
		9C6A91301DF7234700AB2516 /* Main.storyboard in Resources */ = {isa = PBXBuildFile; fileRef = 9C6A912E1DF7234700AB2516 /* Main.storyboard */; };
		9C6A91321DF7234700AB2516 /* Assets.xcassets in Resources */ = {isa = PBXBuildFile; fileRef = 9C6A91311DF7234700AB2516 /* Assets.xcassets */; };
		9C6A91351DF7234700AB2516 /* LaunchScreen.storyboard in Resources */ = {isa = PBXBuildFile; fileRef = 9C6A91331DF7234700AB2516 /* LaunchScreen.storyboard */; };
		9C6A913D1DF7282F00AB2516 /* ContactsTableViewController.swift in Sources */ = {isa = PBXBuildFile; fileRef = 9C6A913C1DF7282F00AB2516 /* ContactsTableViewController.swift */; };
		9C6A91441DF7291500AB2516 /* DetailViewController.swift in Sources */ = {isa = PBXBuildFile; fileRef = 9C6A91431DF7291500AB2516 /* DetailViewController.swift */; };
		9C6A91461DF7293000AB2516 /* Contacts.swift in Sources */ = {isa = PBXBuildFile; fileRef = 9C6A91451DF7293000AB2516 /* Contacts.swift */; };
		9C6A91491DF72B9100AB2516 /* APIManager.swift in Sources */ = {isa = PBXBuildFile; fileRef = 9C6A91481DF72B9100AB2516 /* APIManager.swift */; };
/* End PBXBuildFile section */

/* Begin PBXFileReference section */
		9C6A91271DF7234700AB2516 /* MidtermReview-Contacts.app */ = {isa = PBXFileReference; explicitFileType = wrapper.application; includeInIndex = 0; path = "MidtermReview-Contacts.app"; sourceTree = BUILT_PRODUCTS_DIR; };
		9C6A912A1DF7234700AB2516 /* AppDelegate.swift */ = {isa = PBXFileReference; lastKnownFileType = sourcecode.swift; path = AppDelegate.swift; sourceTree = "<group>"; };
		9C6A912F1DF7234700AB2516 /* Base */ = {isa = PBXFileReference; lastKnownFileType = file.storyboard; name = Base; path = Base.lproj/Main.storyboard; sourceTree = "<group>"; };
		9C6A91311DF7234700AB2516 /* Assets.xcassets */ = {isa = PBXFileReference; lastKnownFileType = folder.assetcatalog; path = Assets.xcassets; sourceTree = "<group>"; };
		9C6A91341DF7234700AB2516 /* Base */ = {isa = PBXFileReference; lastKnownFileType = file.storyboard; name = Base; path = Base.lproj/LaunchScreen.storyboard; sourceTree = "<group>"; };
		9C6A91361DF7234700AB2516 /* Info.plist */ = {isa = PBXFileReference; lastKnownFileType = text.plist.xml; path = Info.plist; sourceTree = "<group>"; };
		9C6A913C1DF7282F00AB2516 /* ContactsTableViewController.swift */ = {isa = PBXFileReference; fileEncoding = 4; lastKnownFileType = sourcecode.swift; path = ContactsTableViewController.swift; sourceTree = "<group>"; };
		9C6A91431DF7291500AB2516 /* DetailViewController.swift */ = {isa = PBXFileReference; fileEncoding = 4; lastKnownFileType = sourcecode.swift; path = DetailViewController.swift; sourceTree = "<group>"; };
		9C6A91451DF7293000AB2516 /* Contacts.swift */ = {isa = PBXFileReference; fileEncoding = 4; lastKnownFileType = sourcecode.swift; path = Contacts.swift; sourceTree = "<group>"; };
		9C6A91481DF72B9100AB2516 /* APIManager.swift */ = {isa = PBXFileReference; fileEncoding = 4; lastKnownFileType = sourcecode.swift; path = APIManager.swift; sourceTree = "<group>"; };
/* End PBXFileReference section */

/* Begin PBXFrameworksBuildPhase section */
		9C6A91241DF7234700AB2516 /* Frameworks */ = {
			isa = PBXFrameworksBuildPhase;
			buildActionMask = 2147483647;
			files = (
			);
			runOnlyForDeploymentPostprocessing = 0;
		};
/* End PBXFrameworksBuildPhase section */

/* Begin PBXGroup section */
		9C6A911E1DF7234700AB2516 = {
			isa = PBXGroup;
			children = (
				9C6A91291DF7234700AB2516 /* MidtermReview-Contacts */,
				9C6A91281DF7234700AB2516 /* Products */,
			);
			sourceTree = "<group>";
		};
		9C6A91281DF7234700AB2516 /* Products */ = {
			isa = PBXGroup;
			children = (
				9C6A91271DF7234700AB2516 /* MidtermReview-Contacts.app */,
			);
			name = Products;
			sourceTree = "<group>";
		};
		9C6A91291DF7234700AB2516 /* MidtermReview-Contacts */ = {
			isa = PBXGroup;
			children = (
				9C6A912A1DF7234700AB2516 /* AppDelegate.swift */,
				9C6A914A1DF72B9500AB2516 /* APIManager */,
				9C6A91471DF7293400AB2516 /* Model */,
				9C6A913F1DF7283D00AB2516 /* StoryBoard */,
				9C6A913E1DF7283200AB2516 /* ViewController */,
				9C6A91401DF7284800AB2516 /* Helper */,
			);
			path = "MidtermReview-Contacts";
			sourceTree = "<group>";
		};
		9C6A913E1DF7283200AB2516 /* ViewController */ = {
			isa = PBXGroup;
			children = (
				9C6A913C1DF7282F00AB2516 /* ContactsTableViewController.swift */,
				9C6A91431DF7291500AB2516 /* DetailViewController.swift */,
			);
			name = ViewController;
			sourceTree = "<group>";
		};
		9C6A913F1DF7283D00AB2516 /* StoryBoard */ = {
			isa = PBXGroup;
			children = (
				9C6A912E1DF7234700AB2516 /* Main.storyboard */,
				9C6A91331DF7234700AB2516 /* LaunchScreen.storyboard */,
			);
			name = StoryBoard;
			sourceTree = "<group>";
		};
		9C6A91401DF7284800AB2516 /* Helper */ = {
			isa = PBXGroup;
			children = (
				9C6A91361DF7234700AB2516 /* Info.plist */,
				9C6A91311DF7234700AB2516 /* Assets.xcassets */,
			);
			name = Helper;
			sourceTree = "<group>";
		};
		9C6A91471DF7293400AB2516 /* Model */ = {
			isa = PBXGroup;
			children = (
				9C6A91451DF7293000AB2516 /* Contacts.swift */,
			);
			name = Model;
			sourceTree = "<group>";
		};
		9C6A914A1DF72B9500AB2516 /* APIManager */ = {
			isa = PBXGroup;
			children = (
				9C6A91481DF72B9100AB2516 /* APIManager.swift */,
			);
			name = APIManager;
			sourceTree = "<group>";
		};
/* End PBXGroup section */

/* Begin PBXNativeTarget section */
		9C6A91261DF7234700AB2516 /* MidtermReview-Contacts */ = {
			isa = PBXNativeTarget;
			buildConfigurationList = 9C6A91391DF7234700AB2516 /* Build configuration list for PBXNativeTarget "MidtermReview-Contacts" */;
			buildPhases = (
				9C6A91231DF7234700AB2516 /* Sources */,
				9C6A91241DF7234700AB2516 /* Frameworks */,
				9C6A91251DF7234700AB2516 /* Resources */,
			);
			buildRules = (
			);
			dependencies = (
			);
			name = "MidtermReview-Contacts";
			productName = "MidtermReview-Contacts";
			productReference = 9C6A91271DF7234700AB2516 /* MidtermReview-Contacts.app */;
			productType = "com.apple.product-type.application";
		};
/* End PBXNativeTarget section */

/* Begin PBXProject section */
		9C6A911F1DF7234700AB2516 /* Project object */ = {
			isa = PBXProject;
			attributes = {
				LastSwiftUpdateCheck = 0800;
				LastUpgradeCheck = 0800;
				ORGANIZATIONNAME = "Annie Tung";
				TargetAttributes = {
					9C6A91261DF7234700AB2516 = {
						CreatedOnToolsVersion = 8.0;
						DevelopmentTeam = 9F7X637BX9;
						ProvisioningStyle = Automatic;
					};
				};
			};
			buildConfigurationList = 9C6A91221DF7234700AB2516 /* Build configuration list for PBXProject "MidtermReview-Contacts" */;
			compatibilityVersion = "Xcode 3.2";
			developmentRegion = English;
			hasScannedForEncodings = 0;
			knownRegions = (
				en,
				Base,
			);
			mainGroup = 9C6A911E1DF7234700AB2516;
			productRefGroup = 9C6A91281DF7234700AB2516 /* Products */;
			projectDirPath = "";
			projectRoot = "";
			targets = (
				9C6A91261DF7234700AB2516 /* MidtermReview-Contacts */,
			);
		};
/* End PBXProject section */

/* Begin PBXResourcesBuildPhase section */
		9C6A91251DF7234700AB2516 /* Resources */ = {
			isa = PBXResourcesBuildPhase;
			buildActionMask = 2147483647;
			files = (
				9C6A91351DF7234700AB2516 /* LaunchScreen.storyboard in Resources */,
				9C6A91321DF7234700AB2516 /* Assets.xcassets in Resources */,
				9C6A91301DF7234700AB2516 /* Main.storyboard in Resources */,
			);
			runOnlyForDeploymentPostprocessing = 0;
		};
/* End PBXResourcesBuildPhase section */

/* Begin PBXSourcesBuildPhase section */
		9C6A91231DF7234700AB2516 /* Sources */ = {
			isa = PBXSourcesBuildPhase;
			buildActionMask = 2147483647;
			files = (
				9C6A91461DF7293000AB2516 /* Contacts.swift in Sources */,
				9C6A91441DF7291500AB2516 /* DetailViewController.swift in Sources */,
				9C6A91491DF72B9100AB2516 /* APIManager.swift in Sources */,
				9C6A912B1DF7234700AB2516 /* AppDelegate.swift in Sources */,
				9C6A913D1DF7282F00AB2516 /* ContactsTableViewController.swift in Sources */,
			);
			runOnlyForDeploymentPostprocessing = 0;
		};
/* End PBXSourcesBuildPhase section */

/* Begin PBXVariantGroup section */
		9C6A912E1DF7234700AB2516 /* Main.storyboard */ = {
			isa = PBXVariantGroup;
			children = (
				9C6A912F1DF7234700AB2516 /* Base */,
			);
			name = Main.storyboard;
			sourceTree = "<group>";
		};
		9C6A91331DF7234700AB2516 /* LaunchScreen.storyboard */ = {
			isa = PBXVariantGroup;
			children = (
				9C6A91341DF7234700AB2516 /* Base */,
			);
			name = LaunchScreen.storyboard;
			sourceTree = "<group>";
		};
/* End PBXVariantGroup section */

/* Begin XCBuildConfiguration section */
		9C6A91371DF7234700AB2516 /* Debug */ = {
			isa = XCBuildConfiguration;
			buildSettings = {
				ALWAYS_SEARCH_USER_PATHS = NO;
				CLANG_ANALYZER_NONNULL = YES;
				CLANG_CXX_LANGUAGE_STANDARD = "gnu++0x";
				CLANG_CXX_LIBRARY = "libc++";
				CLANG_ENABLE_MODULES = YES;
				CLANG_ENABLE_OBJC_ARC = YES;
				CLANG_WARN_BOOL_CONVERSION = YES;
				CLANG_WARN_CONSTANT_CONVERSION = YES;
				CLANG_WARN_DIRECT_OBJC_ISA_USAGE = YES_ERROR;
				CLANG_WARN_DOCUMENTATION_COMMENTS = YES;
				CLANG_WARN_EMPTY_BODY = YES;
				CLANG_WARN_ENUM_CONVERSION = YES;
				CLANG_WARN_INFINITE_RECURSION = YES;
				CLANG_WARN_INT_CONVERSION = YES;
				CLANG_WARN_OBJC_ROOT_CLASS = YES_ERROR;
				CLANG_WARN_SUSPICIOUS_MOVES = YES;
				CLANG_WARN_UNREACHABLE_CODE = YES;
				CLANG_WARN__DUPLICATE_METHOD_MATCH = YES;
				"CODE_SIGN_IDENTITY[sdk=iphoneos*]" = "iPhone Developer";
				COPY_PHASE_STRIP = NO;
				DEBUG_INFORMATION_FORMAT = dwarf;
				ENABLE_STRICT_OBJC_MSGSEND = YES;
				ENABLE_TESTABILITY = YES;
				GCC_C_LANGUAGE_STANDARD = gnu99;
				GCC_DYNAMIC_NO_PIC = NO;
				GCC_NO_COMMON_BLOCKS = YES;
				GCC_OPTIMIZATION_LEVEL = 0;
				GCC_PREPROCESSOR_DEFINITIONS = (
					"DEBUG=1",
					"$(inherited)",
				);
				GCC_WARN_64_TO_32_BIT_CONVERSION = YES;
				GCC_WARN_ABOUT_RETURN_TYPE = YES_ERROR;
				GCC_WARN_UNDECLARED_SELECTOR = YES;
				GCC_WARN_UNINITIALIZED_AUTOS = YES_AGGRESSIVE;
				GCC_WARN_UNUSED_FUNCTION = YES;
				GCC_WARN_UNUSED_VARIABLE = YES;
				IPHONEOS_DEPLOYMENT_TARGET = 10.0;
				MTL_ENABLE_DEBUG_INFO = YES;
				ONLY_ACTIVE_ARCH = YES;
				SDKROOT = iphoneos;
				SWIFT_ACTIVE_COMPILATION_CONDITIONS = DEBUG;
				SWIFT_OPTIMIZATION_LEVEL = "-Onone";
				TARGETED_DEVICE_FAMILY = "1,2";
			};
			name = Debug;
		};
		9C6A91381DF7234700AB2516 /* Release */ = {
			isa = XCBuildConfiguration;
			buildSettings = {
				ALWAYS_SEARCH_USER_PATHS = NO;
				CLANG_ANALYZER_NONNULL = YES;
				CLANG_CXX_LANGUAGE_STANDARD = "gnu++0x";
				CLANG_CXX_LIBRARY = "libc++";
				CLANG_ENABLE_MODULES = YES;
				CLANG_ENABLE_OBJC_ARC = YES;
				CLANG_WARN_BOOL_CONVERSION = YES;
				CLANG_WARN_CONSTANT_CONVERSION = YES;
				CLANG_WARN_DIRECT_OBJC_ISA_USAGE = YES_ERROR;
				CLANG_WARN_DOCUMENTATION_COMMENTS = YES;
				CLANG_WARN_EMPTY_BODY = YES;
				CLANG_WARN_ENUM_CONVERSION = YES;
				CLANG_WARN_INFINITE_RECURSION = YES;
				CLANG_WARN_INT_CONVERSION = YES;
				CLANG_WARN_OBJC_ROOT_CLASS = YES_ERROR;
				CLANG_WARN_SUSPICIOUS_MOVES = YES;
				CLANG_WARN_UNREACHABLE_CODE = YES;
				CLANG_WARN__DUPLICATE_METHOD_MATCH = YES;
				"CODE_SIGN_IDENTITY[sdk=iphoneos*]" = "iPhone Developer";
				COPY_PHASE_STRIP = NO;
				DEBUG_INFORMATION_FORMAT = "dwarf-with-dsym";
				ENABLE_NS_ASSERTIONS = NO;
				ENABLE_STRICT_OBJC_MSGSEND = YES;
				GCC_C_LANGUAGE_STANDARD = gnu99;
				GCC_NO_COMMON_BLOCKS = YES;
				GCC_WARN_64_TO_32_BIT_CONVERSION = YES;
				GCC_WARN_ABOUT_RETURN_TYPE = YES_ERROR;
				GCC_WARN_UNDECLARED_SELECTOR = YES;
				GCC_WARN_UNINITIALIZED_AUTOS = YES_AGGRESSIVE;
				GCC_WARN_UNUSED_FUNCTION = YES;
				GCC_WARN_UNUSED_VARIABLE = YES;
				IPHONEOS_DEPLOYMENT_TARGET = 10.0;
				MTL_ENABLE_DEBUG_INFO = NO;
				SDKROOT = iphoneos;
				SWIFT_OPTIMIZATION_LEVEL = "-Owholemodule";
				TARGETED_DEVICE_FAMILY = "1,2";
				VALIDATE_PRODUCT = YES;
			};
			name = Release;
		};
		9C6A913A1DF7234700AB2516 /* Debug */ = {
			isa = XCBuildConfiguration;
			buildSettings = {
				ASSETCATALOG_COMPILER_APPICON_NAME = AppIcon;
				DEVELOPMENT_TEAM = 9F7X637BX9;
				INFOPLIST_FILE = "MidtermReview-Contacts/Info.plist";
				LD_RUNPATH_SEARCH_PATHS = "$(inherited) @executable_path/Frameworks";
				PRODUCT_BUNDLE_IDENTIFIER = "tung.annie.c4q.MidtermReview-Contacts";
				PRODUCT_NAME = "$(TARGET_NAME)";
				SWIFT_VERSION = 3.0;
			};
			name = Debug;
		};
		9C6A913B1DF7234700AB2516 /* Release */ = {
			isa = XCBuildConfiguration;
			buildSettings = {
				ASSETCATALOG_COMPILER_APPICON_NAME = AppIcon;
				DEVELOPMENT_TEAM = 9F7X637BX9;
				INFOPLIST_FILE = "MidtermReview-Contacts/Info.plist";
				LD_RUNPATH_SEARCH_PATHS = "$(inherited) @executable_path/Frameworks";
				PRODUCT_BUNDLE_IDENTIFIER = "tung.annie.c4q.MidtermReview-Contacts";
				PRODUCT_NAME = "$(TARGET_NAME)";
				SWIFT_VERSION = 3.0;
			};
			name = Release;
		};
/* End XCBuildConfiguration section */

/* Begin XCConfigurationList section */
		9C6A91221DF7234700AB2516 /* Build configuration list for PBXProject "MidtermReview-Contacts" */ = {
			isa = XCConfigurationList;
			buildConfigurations = (
				9C6A91371DF7234700AB2516 /* Debug */,
				9C6A91381DF7234700AB2516 /* Release */,
			);
			defaultConfigurationIsVisible = 0;
			defaultConfigurationName = Release;
		};
		9C6A91391DF7234700AB2516 /* Build configuration list for PBXNativeTarget "MidtermReview-Contacts" */ = {
			isa = XCConfigurationList;
			buildConfigurations = (
				9C6A913A1DF7234700AB2516 /* Debug */,
				9C6A913B1DF7234700AB2516 /* Release */,
			);
			defaultConfigurationIsVisible = 0;
			defaultConfigurationName = Release;
		};
/* End XCConfigurationList section */
	};
	rootObject = 9C6A911F1DF7234700AB2516 /* Project object */;
}
